
Microsoft Visual Studio Solution File, Format Version 12.00
# Visual Studio Version 17
VisualStudioVersion = 17.3.32825.248
MinimumVisualStudioVersion = 10.0.40219.1
Project("{8BC9CEB8-8B4A-11D0-8D11-00A0C91BC942}") = "ToriEngine", "ToriEngine\ToriEngine.vcxproj", "{413F60FA-31FC-4B95-A131-3F63F937B9D0}"
EndProject
Project("{8BC9CEB8-8B4A-11D0-8D11-00A0C91BC942}") = "CollisionDemo", "CollisionDemo\CollisionDemo.vcxproj", "{8FAA7827-F881-416C-8352-921C47EA89F6}"
EndProject
Project("{8BC9CEB8-8B4A-11D0-8D11-00A0C91BC942}") = "ToriD2D", "ToriD2D\ToriD2D.vcxproj", "{4E22F46C-59DF-4C8C-8267-7F484F1D1ED7}"
EndProject
Global
	GlobalSection(SolutionConfigurationPlatforms) = preSolution
		Debug|x64 = Debug|x64
		Debug|x86 = Debug|x86
		Release|x64 = Release|x64
		Release|x86 = Release|x86
	EndGlobalSection
	GlobalSection(ProjectConfigurationPlatforms) = postSolution
		{413F60FA-31FC-4B95-A131-3F63F937B9D0}.Debug|x64.ActiveCfg = Debug|x64
		{413F60FA-31FC-4B95-A131-3F63F937B9D0}.Debug|x64.Build.0 = Debug|x64
		{413F60FA-31FC-4B95-A131-3F63F937B9D0}.Debug|x86.ActiveCfg = Debug|Win32
		{413F60FA-31FC-4B95-A131-3F63F937B9D0}.Debug|x86.Build.0 = Debug|Win32
		{413F60FA-31FC-4B95-A131-3F63F937B9D0}.Release|x64.ActiveCfg = Release|x64
		{413F60FA-31FC-4B95-A131-3F63F937B9D0}.Release|x64.Build.0 = Release|x64
		{413F60FA-31FC-4B95-A131-3F63F937B9D0}.Release|x86.ActiveCfg = Release|Win32
		{413F60FA-31FC-4B95-A131-3F63F937B9D0}.Release|x86.Build.0 = Release|Win32
		{8FAA7827-F881-416C-8352-921C47EA89F6}.Debug|x64.ActiveCfg = Debug|x64
		{8FAA7827-F881-416C-8352-921C47EA89F6}.Debug|x64.Build.0 = Debug|x64
		{8FAA7827-F881-416C-8352-921C47EA89F6}.Debug|x86.ActiveCfg = Debug|Win32
		{8FAA7827-F881-416C-8352-921C47EA89F6}.Debug|x86.Build.0 = Debug|Win32
		{8FAA7827-F881-416C-8352-921C47EA89F6}.Release|x64.ActiveCfg = Release|x64
		{8FAA7827-F881-416C-8352-921C47EA89F6}.Release|x64.Build.0 = Release|x64
		{8FAA7827-F881-416C-8352-921C47EA89F6}.Release|x86.ActiveCfg = Release|Win32
		{8FAA7827-F881-416C-8352-921C47EA89F6}.Release|x86.Build.0 = Release|Win32
		{4E22F46C-59DF-4C8C-8267-7F484F1D1ED7}.Debug|x64.ActiveCfg = Debug|x64
		{4E22F46C-59DF-4C8C-8267-7F484F1D1ED7}.Debug|x64.Build.0 = Debug|x64
		{4E22F46C-59DF-4C8C-8267-7F484F1D1ED7}.Debug|x86.ActiveCfg = Debug|Win32
		{4E22F46C-59DF-4C8C-8267-7F484F1D1ED7}.Debug|x86.Build.0 = Debug|Win32
		{4E22F46C-59DF-4C8C-8267-7F484F1D1ED7}.Release|x64.ActiveCfg = Release|x64
		{4E22F46C-59DF-4C8C-8267-7F484F1D1ED7}.Release|x64.Build.0 = Release|x64
		{4E22F46C-59DF-4C8C-8267-7F484F1D1ED7}.Release|x86.ActiveCfg = Release|Win32
		{4E22F46C-59DF-4C8C-8267-7F484F1D1ED7}.Release|x86.Build.0 = Release|Win32
	EndGlobalSection
	GlobalSection(SolutionProperties) = preSolution
		HideSolutionNode = FALSE
	EndGlobalSection
	GlobalSection(ExtensibilityGlobals) = postSolution
		SolutionGuid = {8D652ADB-615A-4E12-918E-D89A97655578}
	EndGlobalSection
EndGlobal
